// !$*UTF8*$!
{
	archiveVersion = 1;
	classes = {
	};
	objectVersion = 46;
	objects = {

/* Begin PBXBuildFile section */
		14F240821C1AE1F200B5C40F /* main.m in Sources */ = {isa = PBXBuildFile; fileRef = 14F240811C1AE1F200B5C40F /* main.m */; };
		14F2408A1C1AE29100B5C40F /* DataModel.m in Sources */ = {isa = PBXBuildFile; fileRef = 14F240891C1AE29100B5C40F /* DataModel.m */; };
		14F2408D1C1AE2B100B5C40F /* Symbol.m in Sources */ = {isa = PBXBuildFile; fileRef = 14F2408C1C1AE2B100B5C40F /* Symbol.m */; };
		1BAFAA181C1C2CC700BADE89 /* input.txt in CopyFiles */ = {isa = PBXBuildFile; fileRef = 1BAFAA171C1C2BA900BADE89 /* input.txt */; };
/* End PBXBuildFile section */

/* Begin PBXCopyFilesBuildPhase section */
		14F2407C1C1AE1F200B5C40F /* CopyFiles */ = {
			isa = PBXCopyFilesBuildPhase;
			buildActionMask = 12;
			dstPath = usr/share/man/man1;
			dstSubfolderSpec = 16;
			files = (
				1BAFAA181C1C2CC700BADE89 /* input.txt in CopyFiles */,
			);
			runOnlyForDeploymentPostprocessing = 0;
		};
/* End PBXCopyFilesBuildPhase section */

/* Begin PBXFileReference section */
		14F2407E1C1AE1F200B5C40F /* OneTwoTrip */ = {isa = PBXFileReference; explicitFileType = "compiled.mach-o.executable"; includeInIndex = 0; path = OneTwoTrip; sourceTree = BUILT_PRODUCTS_DIR; };
		14F240811C1AE1F200B5C40F /* main.m */ = {isa = PBXFileReference; lastKnownFileType = sourcecode.c.objc; path = main.m; sourceTree = "<group>"; };
		14F240881C1AE29100B5C40F /* DataModel.h */ = {isa = PBXFileReference; fileEncoding = 4; lastKnownFileType = sourcecode.c.h; path = DataModel.h; sourceTree = "<group>"; };
		14F240891C1AE29100B5C40F /* DataModel.m */ = {isa = PBXFileReference; fileEncoding = 4; lastKnownFileType = sourcecode.c.objc; path = DataModel.m; sourceTree = "<group>"; };
		14F2408B1C1AE2B100B5C40F /* Symbol.h */ = {isa = PBXFileReference; fileEncoding = 4; lastKnownFileType = sourcecode.c.h; path = Symbol.h; sourceTree = "<group>"; };
		14F2408C1C1AE2B100B5C40F /* Symbol.m */ = {isa = PBXFileReference; fileEncoding = 4; lastKnownFileType = sourcecode.c.objc; path = Symbol.m; sourceTree = "<group>"; };
		1BAFAA171C1C2BA900BADE89 /* input.txt */ = {isa = PBXFileReference; fileEncoding = 4; lastKnownFileType = text; path = input.txt; sourceTree = "<group>"; };
/* End PBXFileReference section */

/* Begin PBXFrameworksBuildPhase section */
		14F2407B1C1AE1F200B5C40F /* Frameworks */ = {
			isa = PBXFrameworksBuildPhase;
			buildActionMask = 2147483647;
			files = (
			);
			runOnlyForDeploymentPostprocessing = 0;
		};
/* End PBXFrameworksBuildPhase section */

/* Begin PBXGroup section */
		14F240751C1AE1F200B5C40F = {
			isa = PBXGroup;
			children = (
				14F240801C1AE1F200B5C40F /* OneTwoTrip */,
				14F2407F1C1AE1F200B5C40F /* Products */,
			);
			sourceTree = "<group>";
		};
		14F2407F1C1AE1F200B5C40F /* Products */ = {
			isa = PBXGroup;
			children = (
				14F2407E1C1AE1F200B5C40F /* OneTwoTrip */,
			);
			name = Products;
			sourceTree = "<group>";
		};
		14F240801C1AE1F200B5C40F /* OneTwoTrip */ = {
			isa = PBXGroup;
			children = (
				14F240811C1AE1F200B5C40F /* main.m */,
				14F240881C1AE29100B5C40F /* DataModel.h */,
				14F240891C1AE29100B5C40F /* DataModel.m */,
				14F2408B1C1AE2B100B5C40F /* Symbol.h */,
				14F2408C1C1AE2B100B5C40F /* Symbol.m */,
				1BAFAA171C1C2BA900BADE89 /* input.txt */,
			);
			path = OneTwoTrip;
			sourceTree = "<group>";
		};
/* End PBXGroup section */

/* Begin PBXNativeTarget section */
		14F2407D1C1AE1F200B5C40F /* OneTwoTrip */ = {
			isa = PBXNativeTarget;
			buildConfigurationList = 14F240851C1AE1F200B5C40F /* Build configuration list for PBXNativeTarget "OneTwoTrip" */;
			buildPhases = (
				14F2407A1C1AE1F200B5C40F /* Sources */,
				14F2407B1C1AE1F200B5C40F /* Frameworks */,
				14F2407C1C1AE1F200B5C40F /* CopyFiles */,
			);
			buildRules = (
			);
			dependencies = (
			);
			name = OneTwoTrip;
			productName = OneTwoTrip;
			productReference = 14F2407E1C1AE1F200B5C40F /* OneTwoTrip */;
			productType = "com.apple.product-type.tool";
		};
/* End PBXNativeTarget section */

/* Begin PBXProject section */
		14F240761C1AE1F200B5C40F /* Project object */ = {
			isa = PBXProject;
			attributes = {
				LastUpgradeCheck = 0710;
				ORGANIZATIONNAME = "Oleg Chepkin";
				TargetAttributes = {
					14F2407D1C1AE1F200B5C40F = {
						CreatedOnToolsVersion = 7.1.1;
					};
				};
			};
			buildConfigurationList = 14F240791C1AE1F200B5C40F /* Build configuration list for PBXProject "OneTwoTrip" */;
			compatibilityVersion = "Xcode 3.2";
			developmentRegion = English;
			hasScannedForEncodings = 0;
			knownRegions = (
				en,
			);
			mainGroup = 14F240751C1AE1F200B5C40F;
			productRefGroup = 14F2407F1C1AE1F200B5C40F /* Products */;
			projectDirPath = "";
			projectRoot = "";
			targets = (
				14F2407D1C1AE1F200B5C40F /* OneTwoTrip */,
			);
		};
/* End PBXProject section */

/* Begin PBXSourcesBuildPhase section */
		14F2407A1C1AE1F200B5C40F /* Sources */ = {
			isa = PBXSourcesBuildPhase;
			buildActionMask = 2147483647;
			files = (
				14F240821C1AE1F200B5C40F /* main.m in Sources */,
				14F2408A1C1AE29100B5C40F /* DataModel.m in Sources */,
				14F2408D1C1AE2B100B5C40F /* Symbol.m in Sources */,
			);
			runOnlyForDeploymentPostprocessing = 0;
		};
/* End PBXSourcesBuildPhase section */

/* Begin XCBuildConfiguration section */
		14F240831C1AE1F200B5C40F /* Debug */ = {
			isa = XCBuildConfiguration;
			buildSettings = {
				ALWAYS_SEARCH_USER_PATHS = NO;
				CLANG_CXX_LANGUAGE_STANDARD = "gnu++0x";
				CLANG_CXX_LIBRARY = "libc++";
				CLANG_ENABLE_MODULES = YES;
				CLANG_ENABLE_OBJC_ARC = YES;
				CLANG_WARN_BOOL_CONVERSION = YES;
				CLANG_WARN_CONSTANT_CONVERSION = YES;
				CLANG_WARN_DIRECT_OBJC_ISA_USAGE = YES_ERROR;
				CLANG_WARN_EMPTY_BODY = YES;
				CLANG_WARN_ENUM_CONVERSION = YES;
				CLANG_WARN_INT_CONVERSION = YES;
				CLANG_WARN_OBJC_ROOT_CLASS = YES_ERROR;
				CLANG_WARN_UNREACHABLE_CODE = YES;
				CLANG_WARN__DUPLICATE_METHOD_MATCH = YES;
				CODE_SIGN_IDENTITY = "-";
				COPY_PHASE_STRIP = NO;
				DEBUG_INFORMATION_FORMAT = dwarf;
				ENABLE_STRICT_OBJC_MSGSEND = YES;
				ENABLE_TESTABILITY = YES;
				GCC_C_LANGUAGE_STANDARD = gnu99;
				GCC_DYNAMIC_NO_PIC = NO;
				GCC_NO_COMMON_BLOCKS = YES;
				GCC_OPTIMIZATION_LEVEL = 0;
				GCC_PREPROCESSOR_DEFINITIONS = (
					"DEBUG=1",
					"$(inherited)",
				);
				GCC_WARN_64_TO_32_BIT_CONVERSION = YES;
				GCC_WARN_ABOUT_RETURN_TYPE = YES_ERROR;
				GCC_WARN_UNDECLARED_SELECTOR = YES;
				GCC_WARN_UNINITIALIZED_AUTOS = YES_AGGRESSIVE;
				GCC_WARN_UNUSED_FUNCTION = YES;
				GCC_WARN_UNUSED_VARIABLE = YES;
				MACOSX_DEPLOYMENT_TARGET = 10.11;
				MTL_ENABLE_DEBUG_INFO = YES;
				ONLY_ACTIVE_ARCH = YES;
				SDKROOT = macosx;
			};
			name = Debug;
		};
		14F240841C1AE1F200B5C40F /* Release */ = {
			isa = XCBuildConfiguration;
			buildSettings = {
				ALWAYS_SEARCH_USER_PATHS = NO;
				CLANG_CXX_LANGUAGE_STANDARD = "gnu++0x";
				CLANG_CXX_LIBRARY = "libc++";
				CLANG_ENABLE_MODULES = YES;
				CLANG_ENABLE_OBJC_ARC = YES;
				CLANG_WARN_BOOL_CONVERSION = YES;
				CLANG_WARN_CONSTANT_CONVERSION = YES;
				CLANG_WARN_DIRECT_OBJC_ISA_USAGE = YES_ERROR;
				CLANG_WARN_EMPTY_BODY = YES;
				CLANG_WARN_ENUM_CONVERSION = YES;
				CLANG_WARN_INT_CONVERSION = YES;
				CLANG_WARN_OBJC_ROOT_CLASS = YES_ERROR;
				CLANG_WARN_UNREACHABLE_CODE = YES;
				CLANG_WARN__DUPLICATE_METHOD_MATCH = YES;
				CODE_SIGN_IDENTITY = "-";
				COPY_PHASE_STRIP = NO;
				DEBUG_INFORMATION_FORMAT = "dwarf-with-dsym";
				ENABLE_NS_ASSERTIONS = NO;
				ENABLE_STRICT_OBJC_MSGSEND = YES;
				GCC_C_LANGUAGE_STANDARD = gnu99;
				GCC_NO_COMMON_BLOCKS = YES;
				GCC_WARN_64_TO_32_BIT_CONVERSION = YES;
				GCC_WARN_ABOUT_RETURN_TYPE = YES_ERROR;
				GCC_WARN_UNDECLARED_SELECTOR = YES;
				GCC_WARN_UNINITIALIZED_AUTOS = YES_AGGRESSIVE;
				GCC_WARN_UNUSED_FUNCTION = YES;
				GCC_WARN_UNUSED_VARIABLE = YES;
				MACOSX_DEPLOYMENT_TARGET = 10.11;
				MTL_ENABLE_DEBUG_INFO = NO;
				SDKROOT = macosx;
			};
			name = Release;
		};
		14F240861C1AE1F200B5C40F /* Debug */ = {
			isa = XCBuildConfiguration;
			buildSettings = {
				PRODUCT_NAME = "$(TARGET_NAME)";
			};
			name = Debug;
		};
		14F240871C1AE1F200B5C40F /* Release */ = {
			isa = XCBuildConfiguration;
			buildSettings = {
				PRODUCT_NAME = "$(TARGET_NAME)";
			};
			name = Release;
		};
/* End XCBuildConfiguration section */

/* Begin XCConfigurationList section */
		14F240791C1AE1F200B5C40F /* Build configuration list for PBXProject "OneTwoTrip" */ = {
			isa = XCConfigurationList;
			buildConfigurations = (
				14F240831C1AE1F200B5C40F /* Debug */,
				14F240841C1AE1F200B5C40F /* Release */,
			);
			defaultConfigurationIsVisible = 0;
			defaultConfigurationName = Release;
		};
		14F240851C1AE1F200B5C40F /* Build configuration list for PBXNativeTarget "OneTwoTrip" */ = {
			isa = XCConfigurationList;
			buildConfigurations = (
				14F240861C1AE1F200B5C40F /* Debug */,
				14F240871C1AE1F200B5C40F /* Release */,
			);
			defaultConfigurationIsVisible = 0;
			defaultConfigurationName = Release;
		};
/* End XCConfigurationList section */
	};
	rootObject = 14F240761C1AE1F200B5C40F /* Project object */;
}
